# This is a Gradle generated file for dependency locking.
# Manual edits can break the build and are not advised.
# This file is expected to be part of source control.
com.google.code.gson:gson:2.8.9=runtimeClasspath
com.sun.activation:jakarta.activation:2.0.1=compileClasspath,runtimeClasspath
com.sun.istack:istack-commons-runtime:4.1.1=compileClasspath,runtimeClasspath
com.sun.xml.messaging.saaj:saaj-impl:2.0.1=compileClasspath,runtimeClasspath
com.sun.xml.stream.buffer:streambuffer:2.1.0=compileClasspath,runtimeClasspath
com.sun.xml.ws:policy:4.0.0=compileClasspath,runtimeClasspath
com.sun.xml.ws:rt:4.0.0=compileClasspath,runtimeClasspath
commons-codec:commons-codec:1.15=compileClasspath,runtimeClasspath
jakarta.activation:jakarta.activation-api:2.1.0=compileClasspath,runtimeClasspath
jakarta.annotation:jakarta.annotation-api:2.1.1=compileClasspath,runtimeClasspath
jakarta.mail:jakarta.mail-api:2.1.0=compileClasspath,runtimeClasspath
jakarta.xml.bind:jakarta.xml.bind-api:4.0.0=compileClasspath,runtimeClasspath
jakarta.xml.soap:jakarta.xml.soap-api:3.0.0=compileClasspath,runtimeClasspath
jakarta.xml.ws:jakarta.xml.ws-api:4.0.0=compileClasspath,runtimeClasspath
org.apache.santuario:xmlsec:2.2.6=compileClasspath,runtimeClasspath
org.codehaus.woodstox:stax2-api:4.2.1=runtimeClasspath
org.eclipse.angus:angus-activation:1.0.0=runtimeClasspath
org.eclipse.angus:angus-mail:1.0.0=runtimeClasspath
org.glassfish.external:management-api:3.2.3=compileClasspath,runtimeClasspath
org.glassfish.gmbal:gmbal-api-only:4.0.3=compileClasspath,runtimeClasspath
org.glassfish.jaxb:jaxb-core:4.0.0=compileClasspath,runtimeClasspath
org.glassfish.jaxb:jaxb-runtime:4.0.0=compileClasspath,runtimeClasspath
org.graylog:graylog-parent:6.1.0=compileClasspath,runtimeClasspath
org.jetbrains.intellij.deps:trove4j:1.0.20200330=kotlinBuildToolsApiClasspath,kotlinCompilerClasspath,runtimeClasspath
org.jetbrains.kotlin:kotlin-assignment-compiler-plugin-embeddable:2.0.20=kotlinCompilerPluginClasspathMain
org.jetbrains.kotlin:kotlin-build-common:2.0.20=kotlinBuildToolsApiClasspath
org.jetbrains.kotlin:kotlin-build-statistics:2.0.20=runtimeClasspath
org.jetbrains.kotlin:kotlin-build-tools-api:2.0.20=kotlinBuildToolsApiClasspath,runtimeClasspath
org.jetbrains.kotlin:kotlin-build-tools-impl:2.0.20=kotlinBuildToolsApiClasspath
org.jetbrains.kotlin:kotlin-compiler-embeddable:2.0.20=kotlinBuildToolsApiClasspath,kotlinCompilerClasspath,runtimeClasspath
org.jetbrains.kotlin:kotlin-compiler-runner:2.0.20=kotlinBuildToolsApiClasspath,runtimeClasspath
org.jetbrains.kotlin:kotlin-daemon-client:2.0.20=kotlinBuildToolsApiClasspath,runtimeClasspath
org.jetbrains.kotlin:kotlin-daemon-embeddable:2.0.20=kotlinBuildToolsApiClasspath,kotlinCompilerClasspath,runtimeClasspath
org.jetbrains.kotlin:kotlin-gradle-plugin-annotations:2.0.20=compileClasspath,runtimeClasspath
org.jetbrains.kotlin:kotlin-gradle-plugin-api:2.0.20=compileClasspath,runtimeClasspath
org.jetbrains.kotlin:kotlin-gradle-plugin-idea-proto:2.0.20=runtimeClasspath
org.jetbrains.kotlin:kotlin-gradle-plugin-idea:2.0.20=runtimeClasspath
org.jetbrains.kotlin:kotlin-gradle-plugin-model:2.0.20=compileClasspath,runtimeClasspath
org.jetbrains.kotlin:kotlin-gradle-plugin:2.0.20=compileClasspath,runtimeClasspath
org.jetbrains.kotlin:kotlin-gradle-plugins-bom:2.0.20=compileClasspath,runtimeClasspath
org.jetbrains.kotlin:kotlin-klib-commonizer-api:2.0.20=runtimeClasspath
org.jetbrains.kotlin:kotlin-native-utils:2.0.20=compileClasspath,runtimeClasspath
org.jetbrains.kotlin:kotlin-reflect:1.6.10=kotlinBuildToolsApiClasspath,kotlinCompilerClasspath
org.jetbrains.kotlin:kotlin-reflect:2.0.20=compileClasspath
org.jetbrains.kotlin:kotlin-sam-with-receiver-compiler-plugin-embeddable:2.0.20=kotlinCompilerPluginClasspathMain
org.jetbrains.kotlin:kotlin-script-runtime:2.0.20=kotlinBuildToolsApiClasspath,kotlinCompilerClasspath,kotlinCompilerPluginClasspathMain
org.jetbrains.kotlin:kotlin-scripting-common:2.0.20=kotlinBuildToolsApiClasspath,kotlinCompilerPluginClasspathMain
org.jetbrains.kotlin:kotlin-scripting-compiler-embeddable:2.0.20=kotlinBuildToolsApiClasspath,kotlinCompilerPluginClasspathMain
org.jetbrains.kotlin:kotlin-scripting-compiler-impl-embeddable:2.0.20=kotlinBuildToolsApiClasspath,kotlinCompilerPluginClasspathMain
org.jetbrains.kotlin:kotlin-scripting-jvm:2.0.20=kotlinBuildToolsApiClasspath,kotlinCompilerPluginClasspathMain
org.jetbrains.kotlin:kotlin-stdlib:2.0.20=compileClasspath,kotlinBuildToolsApiClasspath,kotlinCompilerClasspath,kotlinCompilerPluginClasspathMain
org.jetbrains.kotlin:kotlin-tooling-core:2.0.20=compileClasspath,runtimeClasspath
org.jetbrains.kotlin:kotlin-util-io:2.0.20=compileClasspath,runtimeClasspath
org.jetbrains.kotlin:kotlin-util-klib:2.0.20=compileClasspath,runtimeClasspath
org.jetbrains.kotlinx:kotlinx-coroutines-core-jvm:1.6.4=kotlinBuildToolsApiClasspath,kotlinCompilerClasspath,runtimeClasspath
org.jetbrains:annotations:13.0=compileClasspath,kotlinBuildToolsApiClasspath,kotlinCompilerClasspath,kotlinCompilerPluginClasspathMain
org.jvnet.mimepull:mimepull:1.10.0=compileClasspath,runtimeClasspath
org.jvnet.staxex:stax-ex:2.1.0=compileClasspath,runtimeClasspath
org.keycloak:keycloak-saml-core-public:23.0.0=compileClasspath,runtimeClasspath
org.keycloak:keycloak-saml-core:23.0.0=compileClasspath,runtimeClasspath
org.slf4j:slf4j-api:1.7.36=compileClasspath,runtimeClasspath
empty=kotlinScriptDefExtensions
